
Microsoft Visual Studio Solution File, Format Version 11.00
# Visual Studio 2010
Project("{FAE04EC0-301F-11D3-BF4B-00C04F79EFBC}") = "IronPythonMef", "src\IronPythonMef\IronPythonMef.csproj", "{9CA78E75-B217-4523-BC4E-06B599C3A5D3}"
EndProject
Project("{FAE04EC0-301F-11D3-BF4B-00C04F79EFBC}") = "IronPythonMef.Tests", "src\IronPythonMef.Tests\IronPythonMef.Tests.csproj", "{917B32FB-BB66-419A-9936-97BCA0D54964}"
EndProject
Project("{2150E333-8FDC-42A3-9474-1A3956D46DE8}") = ".nuget", ".nuget", "{4CF26B05-1B27-4FD1-AD10-B66CD923E209}"
	ProjectSection(SolutionItems) = preProject
		.nuget\NuGet.Config = .nuget\NuGet.Config
		.nuget\NuGet.exe = .nuget\NuGet.exe
		.nuget\NuGet.targets = .nuget\NuGet.targets
	EndProjectSection
EndProject
Global
	GlobalSection(SolutionConfigurationPlatforms) = preSolution
		Debug|Any CPU = Debug|Any CPU
		Release|Any CPU = Release|Any CPU
	EndGlobalSection
	GlobalSection(ProjectConfigurationPlatforms) = postSolution
		{9CA78E75-B217-4523-BC4E-06B599C3A5D3}.Debug|Any CPU.ActiveCfg = Debug|Any CPU
		{9CA78E75-B217-4523-BC4E-06B599C3A5D3}.Debug|Any CPU.Build.0 = Debug|Any CPU
		{9CA78E75-B217-4523-BC4E-06B599C3A5D3}.Release|Any CPU.ActiveCfg = Release|Any CPU
		{9CA78E75-B217-4523-BC4E-06B599C3A5D3}.Release|Any CPU.Build.0 = Release|Any CPU
		{917B32FB-BB66-419A-9936-97BCA0D54964}.Debug|Any CPU.ActiveCfg = Debug|Any CPU
		{917B32FB-BB66-419A-9936-97BCA0D54964}.Debug|Any CPU.Build.0 = Debug|Any CPU
		{917B32FB-BB66-419A-9936-97BCA0D54964}.Release|Any CPU.ActiveCfg = Release|Any CPU
		{917B32FB-BB66-419A-9936-97BCA0D54964}.Release|Any CPU.Build.0 = Release|Any CPU
	EndGlobalSection
	GlobalSection(SolutionProperties) = preSolution
		HideSolutionNode = FALSE
	EndGlobalSection
EndGlobal
